// !$*UTF8*$!
{
	archiveVersion = 1;
	classes = {
	};
	objectVersion = 51;
	objects = {

/* Begin PBXBuildFile section */
		3542F65D2465C6F90035250E /* ManualUploadViewController.swift in Sources */ = {isa = PBXBuildFile; fileRef = 3542F65C2465C6F90035250E /* ManualUploadViewController.swift */; };
		3542F6632465C98C0035250E /* IngredientListCustomTableViewCell.swift in Sources */ = {isa = PBXBuildFile; fileRef = 3542F65E2465C98B0035250E /* IngredientListCustomTableViewCell.swift */; };
		3542F6642465C98C0035250E /* RecipeBooksViewController.swift in Sources */ = {isa = PBXBuildFile; fileRef = 3542F65F2465C98B0035250E /* RecipeBooksViewController.swift */; };
		3542F6652465C98C0035250E /* RecipeBookFilterTableViewController.swift in Sources */ = {isa = PBXBuildFile; fileRef = 3542F6602465C98B0035250E /* RecipeBookFilterTableViewController.swift */; };
		3542F6662465C98C0035250E /* SearchViewController.swift in Sources */ = {isa = PBXBuildFile; fileRef = 3542F6612465C98B0035250E /* SearchViewController.swift */; };
		3542F6672465C98C0035250E /* SearchViewTableViewCell.swift in Sources */ = {isa = PBXBuildFile; fileRef = 3542F6622465C98C0035250E /* SearchViewTableViewCell.swift */; };
		3542F66A2465C9FF0035250E /* ShoppingListController.swift in Sources */ = {isa = PBXBuildFile; fileRef = 3542F6682465C9FF0035250E /* ShoppingListController.swift */; };
		3542F66B2465C9FF0035250E /* MealPlanController.swift in Sources */ = {isa = PBXBuildFile; fileRef = 3542F6692465C9FF0035250E /* MealPlanController.swift */; };
		3583C72C24576F5700D79193 /* ShoppingList.swift in Sources */ = {isa = PBXBuildFile; fileRef = 3583C72B24576F5700D79193 /* ShoppingList.swift */; };
		3583C7302458EFE300D79193 /* Ingredient.swift in Sources */ = {isa = PBXBuildFile; fileRef = 3583C72F2458EFE300D79193 /* Ingredient.swift */; };
		3583C75D246095B000D79193 /* Profile.storyboard in Resources */ = {isa = PBXBuildFile; fileRef = 3583C75B246095B000D79193 /* Profile.storyboard */; };
		3583C75F2460960B00D79193 /* Home.storyboard in Resources */ = {isa = PBXBuildFile; fileRef = 3583C75E2460960B00D79193 /* Home.storyboard */; };
		3583C7622460963500D79193 /* MealPlan.storyboard in Resources */ = {isa = PBXBuildFile; fileRef = 3583C7602460963400D79193 /* MealPlan.storyboard */; };
		3583C7642460964C00D79193 /* RecipeBook.storyboard in Resources */ = {isa = PBXBuildFile; fileRef = 3583C7632460964C00D79193 /* RecipeBook.storyboard */; };
		3583C7672460966E00D79193 /* ShoppingList.storyboard in Resources */ = {isa = PBXBuildFile; fileRef = 3583C7652460966E00D79193 /* ShoppingList.storyboard */; };
		3583C7692460B53800D79193 /* Colors.xcassets in Resources */ = {isa = PBXBuildFile; fileRef = 3583C7682460B53700D79193 /* Colors.xcassets */; };
		CD5F02C29F50D4ADCE8F03EE /* Pods_Meal_Prep_Sunday.framework in Frameworks */ = {isa = PBXBuildFile; fileRef = 045B6BB901A64A90E2376BBA /* Pods_Meal_Prep_Sunday.framework */; };
		D42FDA73246A74C000DE093B /* RecipeDetailViewController.swift in Sources */ = {isa = PBXBuildFile; fileRef = D42FDA72246A74C000DE093B /* RecipeDetailViewController.swift */; };
		D4712DD52465CC1400A86391 /* HomeViewController.swift in Sources */ = {isa = PBXBuildFile; fileRef = D4712DD42465CC1400A86391 /* HomeViewController.swift */; };
		D494A177245744710086DBFA /* AppDelegate.swift in Sources */ = {isa = PBXBuildFile; fileRef = D494A176245744710086DBFA /* AppDelegate.swift */; };
		D494A179245744710086DBFA /* SceneDelegate.swift in Sources */ = {isa = PBXBuildFile; fileRef = D494A178245744710086DBFA /* SceneDelegate.swift */; };
		D494A17E245744710086DBFA /* Main.storyboard in Resources */ = {isa = PBXBuildFile; fileRef = D494A17C245744710086DBFA /* Main.storyboard */; };
		D494A180245744770086DBFA /* Assets.xcassets in Resources */ = {isa = PBXBuildFile; fileRef = D494A17F245744770086DBFA /* Assets.xcassets */; };
		D494A183245744770086DBFA /* LaunchScreen.storyboard in Resources */ = {isa = PBXBuildFile; fileRef = D494A181245744770086DBFA /* LaunchScreen.storyboard */; };
		D494A1A224576DCF0086DBFA /* Recipe.swift in Sources */ = {isa = PBXBuildFile; fileRef = D494A1A124576DCF0086DBFA /* Recipe.swift */; };
		D494A1A4245881080086DBFA /* RecipeController.swift in Sources */ = {isa = PBXBuildFile; fileRef = D494A1A3245881080086DBFA /* RecipeController.swift */; };
		D494A1A6245894000086DBFA /* RecipeError.swift in Sources */ = {isa = PBXBuildFile; fileRef = D494A1A5245894000086DBFA /* RecipeError.swift */; };
		D494A1A82459F8C20086DBFA /* GoogleService-Info.plist in Resources */ = {isa = PBXBuildFile; fileRef = D494A1A72459F8C20086DBFA /* GoogleService-Info.plist */; };
		D494A1AC245A1BB90086DBFA /* FirebaseStuff.swift in Sources */ = {isa = PBXBuildFile; fileRef = D494A1AB245A1BB90086DBFA /* FirebaseStuff.swift */; };
		EB5CF4DC24576F8600104F17 /* MealPlan.swift in Sources */ = {isa = PBXBuildFile; fileRef = EB5CF4DB24576F8600104F17 /* MealPlan.swift */; };
/* End PBXBuildFile section */

/* Begin PBXFileReference section */
		045B6BB901A64A90E2376BBA /* Pods_Meal_Prep_Sunday.framework */ = {isa = PBXFileReference; explicitFileType = wrapper.framework; includeInIndex = 0; path = Pods_Meal_Prep_Sunday.framework; sourceTree = BUILT_PRODUCTS_DIR; };
		074A3495A4333381AEFA35F8 /* Pods-Meal-Prep-Sunday.release.xcconfig */ = {isa = PBXFileReference; includeInIndex = 1; lastKnownFileType = text.xcconfig; name = "Pods-Meal-Prep-Sunday.release.xcconfig"; path = "Target Support Files/Pods-Meal-Prep-Sunday/Pods-Meal-Prep-Sunday.release.xcconfig"; sourceTree = "<group>"; };
		2CC1D902946E2A3FA055DDE3 /* Pods-Meal-Prep-Sunday.debug.xcconfig */ = {isa = PBXFileReference; includeInIndex = 1; lastKnownFileType = text.xcconfig; name = "Pods-Meal-Prep-Sunday.debug.xcconfig"; path = "Target Support Files/Pods-Meal-Prep-Sunday/Pods-Meal-Prep-Sunday.debug.xcconfig"; sourceTree = "<group>"; };
		3542F65C2465C6F90035250E /* ManualUploadViewController.swift */ = {isa = PBXFileReference; fileEncoding = 4; lastKnownFileType = sourcecode.swift; path = ManualUploadViewController.swift; sourceTree = "<group>"; };
		3542F65E2465C98B0035250E /* IngredientListCustomTableViewCell.swift */ = {isa = PBXFileReference; fileEncoding = 4; lastKnownFileType = sourcecode.swift; path = IngredientListCustomTableViewCell.swift; sourceTree = "<group>"; };
		3542F65F2465C98B0035250E /* RecipeBooksViewController.swift */ = {isa = PBXFileReference; fileEncoding = 4; lastKnownFileType = sourcecode.swift; path = RecipeBooksViewController.swift; sourceTree = "<group>"; };
		3542F6602465C98B0035250E /* RecipeBookFilterTableViewController.swift */ = {isa = PBXFileReference; fileEncoding = 4; lastKnownFileType = sourcecode.swift; path = RecipeBookFilterTableViewController.swift; sourceTree = "<group>"; };
		3542F6612465C98B0035250E /* SearchViewController.swift */ = {isa = PBXFileReference; fileEncoding = 4; lastKnownFileType = sourcecode.swift; path = SearchViewController.swift; sourceTree = "<group>"; };
		3542F6622465C98C0035250E /* SearchViewTableViewCell.swift */ = {isa = PBXFileReference; fileEncoding = 4; lastKnownFileType = sourcecode.swift; path = SearchViewTableViewCell.swift; sourceTree = "<group>"; };
		3542F6682465C9FF0035250E /* ShoppingListController.swift */ = {isa = PBXFileReference; fileEncoding = 4; lastKnownFileType = sourcecode.swift; path = ShoppingListController.swift; sourceTree = "<group>"; };
		3542F6692465C9FF0035250E /* MealPlanController.swift */ = {isa = PBXFileReference; fileEncoding = 4; lastKnownFileType = sourcecode.swift; path = MealPlanController.swift; sourceTree = "<group>"; };
		3583C72B24576F5700D79193 /* ShoppingList.swift */ = {isa = PBXFileReference; lastKnownFileType = sourcecode.swift; path = ShoppingList.swift; sourceTree = "<group>"; };
		3583C72F2458EFE300D79193 /* Ingredient.swift */ = {isa = PBXFileReference; lastKnownFileType = sourcecode.swift; path = Ingredient.swift; sourceTree = "<group>"; };
		3583C75C246095B000D79193 /* Base */ = {isa = PBXFileReference; lastKnownFileType = file.storyboard; name = Base; path = Base.lproj/Profile.storyboard; sourceTree = "<group>"; };
		3583C75E2460960B00D79193 /* Home.storyboard */ = {isa = PBXFileReference; fileEncoding = 4; lastKnownFileType = file.storyboard; path = Home.storyboard; sourceTree = SOURCE_ROOT; };
		3583C7612460963500D79193 /* Base */ = {isa = PBXFileReference; lastKnownFileType = file.storyboard; name = Base; path = Base.lproj/MealPlan.storyboard; sourceTree = "<group>"; };
		3583C7632460964C00D79193 /* RecipeBook.storyboard */ = {isa = PBXFileReference; fileEncoding = 4; lastKnownFileType = file.storyboard; path = RecipeBook.storyboard; sourceTree = SOURCE_ROOT; };
		3583C7662460966E00D79193 /* Base */ = {isa = PBXFileReference; lastKnownFileType = file.storyboard; name = Base; path = Base.lproj/ShoppingList.storyboard; sourceTree = "<group>"; };
		3583C7682460B53700D79193 /* Colors.xcassets */ = {isa = PBXFileReference; lastKnownFileType = folder.assetcatalog; path = Colors.xcassets; sourceTree = "<group>"; };
		D42FDA72246A74C000DE093B /* RecipeDetailViewController.swift */ = {isa = PBXFileReference; lastKnownFileType = sourcecode.swift; path = RecipeDetailViewController.swift; sourceTree = "<group>"; };
		D4712DD42465CC1400A86391 /* HomeViewController.swift */ = {isa = PBXFileReference; lastKnownFileType = sourcecode.swift; path = HomeViewController.swift; sourceTree = "<group>"; };
		D494A173245744710086DBFA /* Meal-Prep-Sunday.app */ = {isa = PBXFileReference; explicitFileType = wrapper.application; includeInIndex = 0; path = "Meal-Prep-Sunday.app"; sourceTree = BUILT_PRODUCTS_DIR; };
		D494A176245744710086DBFA /* AppDelegate.swift */ = {isa = PBXFileReference; lastKnownFileType = sourcecode.swift; path = AppDelegate.swift; sourceTree = "<group>"; };
		D494A178245744710086DBFA /* SceneDelegate.swift */ = {isa = PBXFileReference; lastKnownFileType = sourcecode.swift; path = SceneDelegate.swift; sourceTree = "<group>"; };
		D494A17D245744710086DBFA /* Base */ = {isa = PBXFileReference; lastKnownFileType = file.storyboard; name = Base; path = Base.lproj/Main.storyboard; sourceTree = "<group>"; };
		D494A17F245744770086DBFA /* Assets.xcassets */ = {isa = PBXFileReference; lastKnownFileType = folder.assetcatalog; path = Assets.xcassets; sourceTree = "<group>"; };
		D494A182245744770086DBFA /* Base */ = {isa = PBXFileReference; lastKnownFileType = file.storyboard; name = Base; path = Base.lproj/LaunchScreen.storyboard; sourceTree = "<group>"; };
		D494A184245744770086DBFA /* Info.plist */ = {isa = PBXFileReference; lastKnownFileType = text.plist.xml; path = Info.plist; sourceTree = "<group>"; };
		D494A1A124576DCF0086DBFA /* Recipe.swift */ = {isa = PBXFileReference; lastKnownFileType = sourcecode.swift; path = Recipe.swift; sourceTree = "<group>"; };
		D494A1A3245881080086DBFA /* RecipeController.swift */ = {isa = PBXFileReference; lastKnownFileType = sourcecode.swift; path = RecipeController.swift; sourceTree = "<group>"; };
		D494A1A5245894000086DBFA /* RecipeError.swift */ = {isa = PBXFileReference; lastKnownFileType = sourcecode.swift; path = RecipeError.swift; sourceTree = "<group>"; };
		D494A1A72459F8C20086DBFA /* GoogleService-Info.plist */ = {isa = PBXFileReference; fileEncoding = 4; lastKnownFileType = text.plist.xml; path = "GoogleService-Info.plist"; sourceTree = "<group>"; };
		D494A1AB245A1BB90086DBFA /* FirebaseStuff.swift */ = {isa = PBXFileReference; lastKnownFileType = sourcecode.swift; path = FirebaseStuff.swift; sourceTree = "<group>"; };
		EB5CF4DB24576F8600104F17 /* MealPlan.swift */ = {isa = PBXFileReference; lastKnownFileType = sourcecode.swift; path = MealPlan.swift; sourceTree = "<group>"; };
/* End PBXFileReference section */

/* Begin PBXFrameworksBuildPhase section */
		D494A170245744710086DBFA /* Frameworks */ = {
			isa = PBXFrameworksBuildPhase;
			buildActionMask = 2147483647;
			files = (
				CD5F02C29F50D4ADCE8F03EE /* Pods_Meal_Prep_Sunday.framework in Frameworks */,
			);
			runOnlyForDeploymentPostprocessing = 0;
		};
/* End PBXFrameworksBuildPhase section */

/* Begin PBXGroup section */
		108F5EF89AC6FB8A785CBC1B /* Frameworks */ = {
			isa = PBXGroup;
			children = (
				045B6BB901A64A90E2376BBA /* Pods_Meal_Prep_Sunday.framework */,
			);
			name = Frameworks;
			sourceTree = "<group>";
		};
		7D8A70CA9E3F96C21CB30675 /* Pods */ = {
			isa = PBXGroup;
			children = (
				2CC1D902946E2A3FA055DDE3 /* Pods-Meal-Prep-Sunday.debug.xcconfig */,
				074A3495A4333381AEFA35F8 /* Pods-Meal-Prep-Sunday.release.xcconfig */,
			);
			path = Pods;
			sourceTree = "<group>";
		};
		D494A16A245744710086DBFA = {
			isa = PBXGroup;
			children = (
				D494A175245744710086DBFA /* Meal-Prep-Sunday */,
				D494A174245744710086DBFA /* Products */,
				7D8A70CA9E3F96C21CB30675 /* Pods */,
				108F5EF89AC6FB8A785CBC1B /* Frameworks */,
			);
			sourceTree = "<group>";
		};
		D494A174245744710086DBFA /* Products */ = {
			isa = PBXGroup;
			children = (
				D494A173245744710086DBFA /* Meal-Prep-Sunday.app */,
			);
			name = Products;
			sourceTree = "<group>";
		};
		D494A175245744710086DBFA /* Meal-Prep-Sunday */ = {
			isa = PBXGroup;
			children = (
				D494A19E24576D730086DBFA /* Models */,
				D494A19D24576D6A0086DBFA /* Model Controllers */,
				D494A19C24576D610086DBFA /* View Controllers */,
				D494A1A024576D8A0086DBFA /* FireStore */,
				D494A19F24576D7D0086DBFA /* Helpers + Extensions */,
				D494A19A24576D140086DBFA /* UI */,
				D494A19B24576D460086DBFA /* Resources */,
			);
			path = "Meal-Prep-Sunday";
			sourceTree = "<group>";
		};
		D494A19A24576D140086DBFA /* UI */ = {
			isa = PBXGroup;
			children = (
				3583C7652460966E00D79193 /* ShoppingList.storyboard */,
				3583C7632460964C00D79193 /* RecipeBook.storyboard */,
				3583C7602460963400D79193 /* MealPlan.storyboard */,
				3583C75E2460960B00D79193 /* Home.storyboard */,
				3583C75B246095B000D79193 /* Profile.storyboard */,
				D494A17C245744710086DBFA /* Main.storyboard */,
				D494A181245744770086DBFA /* LaunchScreen.storyboard */,
			);
			path = UI;
			sourceTree = "<group>";
		};
		D494A19B24576D460086DBFA /* Resources */ = {
			isa = PBXGroup;
			children = (
				D494A176245744710086DBFA /* AppDelegate.swift */,
				D494A178245744710086DBFA /* SceneDelegate.swift */,
				D494A17F245744770086DBFA /* Assets.xcassets */,
				3583C7682460B53700D79193 /* Colors.xcassets */,
				D494A184245744770086DBFA /* Info.plist */,
				D494A1A72459F8C20086DBFA /* GoogleService-Info.plist */,
			);
			path = Resources;
			sourceTree = "<group>";
		};
		D494A19C24576D610086DBFA /* View Controllers */ = {
			isa = PBXGroup;
			children = (
				3542F6602465C98B0035250E /* RecipeBookFilterTableViewController.swift */,
				3542F65E2465C98B0035250E /* IngredientListCustomTableViewCell.swift */,
				3542F65F2465C98B0035250E /* RecipeBooksViewController.swift */,
				3542F6612465C98B0035250E /* SearchViewController.swift */,
				3542F6622465C98C0035250E /* SearchViewTableViewCell.swift */,
				3542F65C2465C6F90035250E /* ManualUploadViewController.swift */,
				D4712DD42465CC1400A86391 /* HomeViewController.swift */,
				D42FDA72246A74C000DE093B /* RecipeDetailViewController.swift */,
			);
			path = "View Controllers";
			sourceTree = "<group>";
		};
		D494A19D24576D6A0086DBFA /* Model Controllers */ = {
			isa = PBXGroup;
			children = (
				3542F6692465C9FF0035250E /* MealPlanController.swift */,
				3542F6682465C9FF0035250E /* ShoppingListController.swift */,
				D494A1A3245881080086DBFA /* RecipeController.swift */,
			);
			path = "Model Controllers";
			sourceTree = "<group>";
		};
		D494A19E24576D730086DBFA /* Models */ = {
			isa = PBXGroup;
			children = (
				D494A1A124576DCF0086DBFA /* Recipe.swift */,
				EB5CF4DB24576F8600104F17 /* MealPlan.swift */,
				3583C72B24576F5700D79193 /* ShoppingList.swift */,
				3583C72F2458EFE300D79193 /* Ingredient.swift */,
			);
			path = Models;
			sourceTree = "<group>";
		};
		D494A19F24576D7D0086DBFA /* Helpers + Extensions */ = {
			isa = PBXGroup;
			children = (
				D494A1A5245894000086DBFA /* RecipeError.swift */,
			);
			path = "Helpers + Extensions";
			sourceTree = "<group>";
		};
		D494A1A024576D8A0086DBFA /* FireStore */ = {
			isa = PBXGroup;
			children = (
				D494A1AB245A1BB90086DBFA /* FirebaseStuff.swift */,
			);
			path = FireStore;
			sourceTree = "<group>";
		};
/* End PBXGroup section */

/* Begin PBXNativeTarget section */
		D494A172245744710086DBFA /* Meal-Prep-Sunday */ = {
			isa = PBXNativeTarget;
			buildConfigurationList = D494A187245744770086DBFA /* Build configuration list for PBXNativeTarget "Meal-Prep-Sunday" */;
			buildPhases = (
				DE7E6943F31B7E45214B54F9 /* [CP] Check Pods Manifest.lock */,
				D494A16F245744710086DBFA /* Sources */,
				D494A170245744710086DBFA /* Frameworks */,
				D494A171245744710086DBFA /* Resources */,
				1DC312DCE54915B9BF4FD249 /* [CP] Embed Pods Frameworks */,
			);
			buildRules = (
			);
			dependencies = (
			);
			name = "Meal-Prep-Sunday";
			productName = "Meal-Prep-Sunday";
			productReference = D494A173245744710086DBFA /* Meal-Prep-Sunday.app */;
			productType = "com.apple.product-type.application";
		};
/* End PBXNativeTarget section */

/* Begin PBXProject section */
		D494A16B245744710086DBFA /* Project object */ = {
			isa = PBXProject;
			attributes = {
				LastSwiftUpdateCheck = 1130;
				LastUpgradeCheck = 1130;
				ORGANIZATIONNAME = Turtle;
				TargetAttributes = {
					D494A172245744710086DBFA = {
						CreatedOnToolsVersion = 11.3.1;
					};
				};
			};
			buildConfigurationList = D494A16E245744710086DBFA /* Build configuration list for PBXProject "Meal-Prep-Sunday" */;
			compatibilityVersion = "Xcode 9.3";
			developmentRegion = en;
			hasScannedForEncodings = 0;
			knownRegions = (
				en,
				Base,
			);
			mainGroup = D494A16A245744710086DBFA;
			productRefGroup = D494A174245744710086DBFA /* Products */;
			projectDirPath = "";
			projectRoot = "";
			targets = (
				D494A172245744710086DBFA /* Meal-Prep-Sunday */,
			);
		};
/* End PBXProject section */

/* Begin PBXResourcesBuildPhase section */
		D494A171245744710086DBFA /* Resources */ = {
			isa = PBXResourcesBuildPhase;
			buildActionMask = 2147483647;
			files = (
				3583C75D246095B000D79193 /* Profile.storyboard in Resources */,
				D494A183245744770086DBFA /* LaunchScreen.storyboard in Resources */,
				D494A1A82459F8C20086DBFA /* GoogleService-Info.plist in Resources */,
				3583C75F2460960B00D79193 /* Home.storyboard in Resources */,
				D494A180245744770086DBFA /* Assets.xcassets in Resources */,
				3583C7692460B53800D79193 /* Colors.xcassets in Resources */,
				3583C7672460966E00D79193 /* ShoppingList.storyboard in Resources */,
				D494A17E245744710086DBFA /* Main.storyboard in Resources */,
				3583C7622460963500D79193 /* MealPlan.storyboard in Resources */,
				3583C7642460964C00D79193 /* RecipeBook.storyboard in Resources */,
			);
			runOnlyForDeploymentPostprocessing = 0;
		};
/* End PBXResourcesBuildPhase section */

/* Begin PBXShellScriptBuildPhase section */
		1DC312DCE54915B9BF4FD249 /* [CP] Embed Pods Frameworks */ = {
			isa = PBXShellScriptBuildPhase;
			buildActionMask = 2147483647;
			files = (
			);
			inputFileListPaths = (
				"${PODS_ROOT}/Target Support Files/Pods-Meal-Prep-Sunday/Pods-Meal-Prep-Sunday-frameworks-${CONFIGURATION}-input-files.xcfilelist",
			);
			name = "[CP] Embed Pods Frameworks";
			outputFileListPaths = (
				"${PODS_ROOT}/Target Support Files/Pods-Meal-Prep-Sunday/Pods-Meal-Prep-Sunday-frameworks-${CONFIGURATION}-output-files.xcfilelist",
			);
			runOnlyForDeploymentPostprocessing = 0;
			shellPath = /bin/sh;
			shellScript = "\"${PODS_ROOT}/Target Support Files/Pods-Meal-Prep-Sunday/Pods-Meal-Prep-Sunday-frameworks.sh\"\n";
			showEnvVarsInLog = 0;
		};
		DE7E6943F31B7E45214B54F9 /* [CP] Check Pods Manifest.lock */ = {
			isa = PBXShellScriptBuildPhase;
			buildActionMask = 2147483647;
			files = (
			);
			inputFileListPaths = (
			);
			inputPaths = (
				"${PODS_PODFILE_DIR_PATH}/Podfile.lock",
				"${PODS_ROOT}/Manifest.lock",
			);
			name = "[CP] Check Pods Manifest.lock";
			outputFileListPaths = (
			);
			outputPaths = (
				"$(DERIVED_FILE_DIR)/Pods-Meal-Prep-Sunday-checkManifestLockResult.txt",
			);
			runOnlyForDeploymentPostprocessing = 0;
			shellPath = /bin/sh;
			shellScript = "diff \"${PODS_PODFILE_DIR_PATH}/Podfile.lock\" \"${PODS_ROOT}/Manifest.lock\" > /dev/null\nif [ $? != 0 ] ; then\n    # print error to STDERR\n    echo \"error: The sandbox is not in sync with the Podfile.lock. Run 'pod install' or update your CocoaPods installation.\" >&2\n    exit 1\nfi\n# This output is used by Xcode 'outputs' to avoid re-running this script phase.\necho \"SUCCESS\" > \"${SCRIPT_OUTPUT_FILE_0}\"\n";
			showEnvVarsInLog = 0;
		};
/* End PBXShellScriptBuildPhase section */

/* Begin PBXSourcesBuildPhase section */
		D494A16F245744710086DBFA /* Sources */ = {
			isa = PBXSourcesBuildPhase;
			buildActionMask = 2147483647;
			files = (
				3542F6672465C98C0035250E /* SearchViewTableViewCell.swift in Sources */,
				D494A1A224576DCF0086DBFA /* Recipe.swift in Sources */,
				3542F65D2465C6F90035250E /* ManualUploadViewController.swift in Sources */,
				3583C7302458EFE300D79193 /* Ingredient.swift in Sources */,
				3542F6642465C98C0035250E /* RecipeBooksViewController.swift in Sources */,
				D42FDA73246A74C000DE093B /* RecipeDetailViewController.swift in Sources */,
				D4712DD52465CC1400A86391 /* HomeViewController.swift in Sources */,
				3583C72C24576F5700D79193 /* ShoppingList.swift in Sources */,
				3542F66A2465C9FF0035250E /* ShoppingListController.swift in Sources */,
				3542F6652465C98C0035250E /* RecipeBookFilterTableViewController.swift in Sources */,
				D494A177245744710086DBFA /* AppDelegate.swift in Sources */,
				D494A179245744710086DBFA /* SceneDelegate.swift in Sources */,
				3542F66B2465C9FF0035250E /* MealPlanController.swift in Sources */,
				D494A1AC245A1BB90086DBFA /* FirebaseStuff.swift in Sources */,
				EB5CF4DC24576F8600104F17 /* MealPlan.swift in Sources */,
				3542F6662465C98C0035250E /* SearchViewController.swift in Sources */,
				D494A1A6245894000086DBFA /* RecipeError.swift in Sources */,
				D494A1A4245881080086DBFA /* RecipeController.swift in Sources */,
				3542F6632465C98C0035250E /* IngredientListCustomTableViewCell.swift in Sources */,
			);
			runOnlyForDeploymentPostprocessing = 0;
		};
/* End PBXSourcesBuildPhase section */

/* Begin PBXVariantGroup section */
		3583C75B246095B000D79193 /* Profile.storyboard */ = {
			isa = PBXVariantGroup;
			children = (
				3583C75C246095B000D79193 /* Base */,
			);
			name = Profile.storyboard;
			sourceTree = "<group>";
		};
		3583C7602460963400D79193 /* MealPlan.storyboard */ = {
			isa = PBXVariantGroup;
			children = (
				3583C7612460963500D79193 /* Base */,
			);
			name = MealPlan.storyboard;
			sourceTree = "<group>";
		};
		3583C7652460966E00D79193 /* ShoppingList.storyboard */ = {
			isa = PBXVariantGroup;
			children = (
				3583C7662460966E00D79193 /* Base */,
			);
			name = ShoppingList.storyboard;
			sourceTree = "<group>";
		};
		D494A17C245744710086DBFA /* Main.storyboard */ = {
			isa = PBXVariantGroup;
			children = (
				D494A17D245744710086DBFA /* Base */,
			);
			name = Main.storyboard;
			sourceTree = "<group>";
		};
		D494A181245744770086DBFA /* LaunchScreen.storyboard */ = {
			isa = PBXVariantGroup;
			children = (
				D494A182245744770086DBFA /* Base */,
			);
			name = LaunchScreen.storyboard;
			sourceTree = "<group>";
		};
/* End PBXVariantGroup section */

/* Begin XCBuildConfiguration section */
		D494A185245744770086DBFA /* Debug */ = {
			isa = XCBuildConfiguration;
			buildSettings = {
				ALWAYS_SEARCH_USER_PATHS = NO;
				CLANG_ANALYZER_NONNULL = YES;
				CLANG_ANALYZER_NUMBER_OBJECT_CONVERSION = YES_AGGRESSIVE;
				CLANG_CXX_LANGUAGE_STANDARD = "gnu++14";
				CLANG_CXX_LIBRARY = "libc++";
				CLANG_ENABLE_MODULES = YES;
				CLANG_ENABLE_OBJC_ARC = YES;
				CLANG_ENABLE_OBJC_WEAK = YES;
				CLANG_WARN_BLOCK_CAPTURE_AUTORELEASING = YES;
				CLANG_WARN_BOOL_CONVERSION = YES;
				CLANG_WARN_COMMA = YES;
				CLANG_WARN_CONSTANT_CONVERSION = YES;
				CLANG_WARN_DEPRECATED_OBJC_IMPLEMENTATIONS = YES;
				CLANG_WARN_DIRECT_OBJC_ISA_USAGE = YES_ERROR;
				CLANG_WARN_DOCUMENTATION_COMMENTS = YES;
				CLANG_WARN_EMPTY_BODY = YES;
				CLANG_WARN_ENUM_CONVERSION = YES;
				CLANG_WARN_INFINITE_RECURSION = YES;
				CLANG_WARN_INT_CONVERSION = YES;
				CLANG_WARN_NON_LITERAL_NULL_CONVERSION = YES;
				CLANG_WARN_OBJC_IMPLICIT_RETAIN_SELF = YES;
				CLANG_WARN_OBJC_LITERAL_CONVERSION = YES;
				CLANG_WARN_OBJC_ROOT_CLASS = YES_ERROR;
				CLANG_WARN_RANGE_LOOP_ANALYSIS = YES;
				CLANG_WARN_STRICT_PROTOTYPES = YES;
				CLANG_WARN_SUSPICIOUS_MOVE = YES;
				CLANG_WARN_UNGUARDED_AVAILABILITY = YES_AGGRESSIVE;
				CLANG_WARN_UNREACHABLE_CODE = YES;
				CLANG_WARN__DUPLICATE_METHOD_MATCH = YES;
				COPY_PHASE_STRIP = NO;
				DEBUG_INFORMATION_FORMAT = dwarf;
				ENABLE_STRICT_OBJC_MSGSEND = YES;
				ENABLE_TESTABILITY = YES;
				GCC_C_LANGUAGE_STANDARD = gnu11;
				GCC_DYNAMIC_NO_PIC = NO;
				GCC_NO_COMMON_BLOCKS = YES;
				GCC_OPTIMIZATION_LEVEL = 0;
				GCC_PREPROCESSOR_DEFINITIONS = (
					"DEBUG=1",
					"$(inherited)",
				);
				GCC_WARN_64_TO_32_BIT_CONVERSION = YES;
				GCC_WARN_ABOUT_RETURN_TYPE = YES_ERROR;
				GCC_WARN_UNDECLARED_SELECTOR = YES;
				GCC_WARN_UNINITIALIZED_AUTOS = YES_AGGRESSIVE;
				GCC_WARN_UNUSED_FUNCTION = YES;
				GCC_WARN_UNUSED_VARIABLE = YES;
				IPHONEOS_DEPLOYMENT_TARGET = 13.2;
				MTL_ENABLE_DEBUG_INFO = INCLUDE_SOURCE;
				MTL_FAST_MATH = YES;
				ONLY_ACTIVE_ARCH = YES;
				SDKROOT = iphoneos;
				SWIFT_ACTIVE_COMPILATION_CONDITIONS = DEBUG;
				SWIFT_OPTIMIZATION_LEVEL = "-Onone";
			};
			name = Debug;
		};
		D494A186245744770086DBFA /* Release */ = {
			isa = XCBuildConfiguration;
			buildSettings = {
				ALWAYS_SEARCH_USER_PATHS = NO;
				CLANG_ANALYZER_NONNULL = YES;
				CLANG_ANALYZER_NUMBER_OBJECT_CONVERSION = YES_AGGRESSIVE;
				CLANG_CXX_LANGUAGE_STANDARD = "gnu++14";
				CLANG_CXX_LIBRARY = "libc++";
				CLANG_ENABLE_MODULES = YES;
				CLANG_ENABLE_OBJC_ARC = YES;
				CLANG_ENABLE_OBJC_WEAK = YES;
				CLANG_WARN_BLOCK_CAPTURE_AUTORELEASING = YES;
				CLANG_WARN_BOOL_CONVERSION = YES;
				CLANG_WARN_COMMA = YES;
				CLANG_WARN_CONSTANT_CONVERSION = YES;
				CLANG_WARN_DEPRECATED_OBJC_IMPLEMENTATIONS = YES;
				CLANG_WARN_DIRECT_OBJC_ISA_USAGE = YES_ERROR;
				CLANG_WARN_DOCUMENTATION_COMMENTS = YES;
				CLANG_WARN_EMPTY_BODY = YES;
				CLANG_WARN_ENUM_CONVERSION = YES;
				CLANG_WARN_INFINITE_RECURSION = YES;
				CLANG_WARN_INT_CONVERSION = YES;
				CLANG_WARN_NON_LITERAL_NULL_CONVERSION = YES;
				CLANG_WARN_OBJC_IMPLICIT_RETAIN_SELF = YES;
				CLANG_WARN_OBJC_LITERAL_CONVERSION = YES;
				CLANG_WARN_OBJC_ROOT_CLASS = YES_ERROR;
				CLANG_WARN_RANGE_LOOP_ANALYSIS = YES;
				CLANG_WARN_STRICT_PROTOTYPES = YES;
				CLANG_WARN_SUSPICIOUS_MOVE = YES;
				CLANG_WARN_UNGUARDED_AVAILABILITY = YES_AGGRESSIVE;
				CLANG_WARN_UNREACHABLE_CODE = YES;
				CLANG_WARN__DUPLICATE_METHOD_MATCH = YES;
				COPY_PHASE_STRIP = NO;
				DEBUG_INFORMATION_FORMAT = "dwarf-with-dsym";
				ENABLE_NS_ASSERTIONS = NO;
				ENABLE_STRICT_OBJC_MSGSEND = YES;
				GCC_C_LANGUAGE_STANDARD = gnu11;
				GCC_NO_COMMON_BLOCKS = YES;
				GCC_WARN_64_TO_32_BIT_CONVERSION = YES;
				GCC_WARN_ABOUT_RETURN_TYPE = YES_ERROR;
				GCC_WARN_UNDECLARED_SELECTOR = YES;
				GCC_WARN_UNINITIALIZED_AUTOS = YES_AGGRESSIVE;
				GCC_WARN_UNUSED_FUNCTION = YES;
				GCC_WARN_UNUSED_VARIABLE = YES;
				IPHONEOS_DEPLOYMENT_TARGET = 13.2;
				MTL_ENABLE_DEBUG_INFO = NO;
				MTL_FAST_MATH = YES;
				SDKROOT = iphoneos;
				SWIFT_COMPILATION_MODE = wholemodule;
				SWIFT_OPTIMIZATION_LEVEL = "-O";
				VALIDATE_PRODUCT = YES;
			};
			name = Release;
		};
		D494A188245744770086DBFA /* Debug */ = {
			isa = XCBuildConfiguration;
			baseConfigurationReference = 2CC1D902946E2A3FA055DDE3 /* Pods-Meal-Prep-Sunday.debug.xcconfig */;
			buildSettings = {
				ASSETCATALOG_COMPILER_APPICON_NAME = AppIcon;
				CODE_SIGN_STYLE = Automatic;
				DEVELOPMENT_TEAM = 97JSCUVT38;
				INFOPLIST_FILE = "Meal-Prep-Sunday/Resources/Info.plist";
				LD_RUNPATH_SEARCH_PATHS = (
					"$(inherited)",
					"@executable_path/Frameworks",
				);
				PRODUCT_BUNDLE_IDENTIFIER = "SIB.Production.Meal-Prep-Sunday";
				PRODUCT_NAME = "$(TARGET_NAME)";
				SWIFT_VERSION = 5.0;
				TARGETED_DEVICE_FAMILY = "1,2";
			};
			name = Debug;
		};
		D494A189245744770086DBFA /* Release */ = {
			isa = XCBuildConfiguration;
			baseConfigurationReference = 074A3495A4333381AEFA35F8 /* Pods-Meal-Prep-Sunday.release.xcconfig */;
			buildSettings = {
				ASSETCATALOG_COMPILER_APPICON_NAME = AppIcon;
				CODE_SIGN_STYLE = Automatic;
				DEVELOPMENT_TEAM = 97JSCUVT38;
				INFOPLIST_FILE = "Meal-Prep-Sunday/Resources/Info.plist";
				LD_RUNPATH_SEARCH_PATHS = (
					"$(inherited)",
					"@executable_path/Frameworks",
				);
				PRODUCT_BUNDLE_IDENTIFIER = "SIB.Production.Meal-Prep-Sunday";
				PRODUCT_NAME = "$(TARGET_NAME)";
				SWIFT_VERSION = 5.0;
				TARGETED_DEVICE_FAMILY = "1,2";
			};
			name = Release;
		};
/* End XCBuildConfiguration section */

/* Begin XCConfigurationList section */
		D494A16E245744710086DBFA /* Build configuration list for PBXProject "Meal-Prep-Sunday" */ = {
			isa = XCConfigurationList;
			buildConfigurations = (
				D494A185245744770086DBFA /* Debug */,
				D494A186245744770086DBFA /* Release */,
			);
			defaultConfigurationIsVisible = 0;
			defaultConfigurationName = Release;
		};
		D494A187245744770086DBFA /* Build configuration list for PBXNativeTarget "Meal-Prep-Sunday" */ = {
			isa = XCConfigurationList;
			buildConfigurations = (
				D494A188245744770086DBFA /* Debug */,
				D494A189245744770086DBFA /* Release */,
			);
			defaultConfigurationIsVisible = 0;
			defaultConfigurationName = Release;
		};
/* End XCConfigurationList section */
	};
	rootObject = D494A16B245744710086DBFA /* Project object */;
}
